
Microsoft Visual Studio Solution File, Format Version 12.00
# Visual Studio 15
VisualStudioVersion = 15.0.26430.16
MinimumVisualStudioVersion = 10.0.40219.1
Project("{FAE04EC0-301F-11D3-BF4B-00C04F79EFBC}") = "Artist Manager Bot", "Artist Manager Bot\Artist Manager Bot.csproj", "{B0B1F8CC-822E-43F1-802A-AC113CC51D67}"
EndProject
Project("{FAE04EC0-301F-11D3-BF4B-00C04F79EFBC}") = "VKInteraction", "VKInteraction\VKInteraction.csproj", "{C243E36A-DA44-4148-8299-E557BD2F07C7}"
EndProject
Project("{FAE04EC0-301F-11D3-BF4B-00C04F79EFBC}") = "BaseForBotExtension", "BaseForBotExtension\BaseForBotExtension.csproj", "{9FB7FF58-A95D-44F1-8A46-C43BA4812BB3}"
EndProject
Project("{FAE04EC0-301F-11D3-BF4B-00C04F79EFBC}") = "Links", "Links\Links.csproj", "{CACF7417-A64F-443B-A127-DA34056D3D37}"
EndProject
Project("{FAE04EC0-301F-11D3-BF4B-00C04F79EFBC}") = "TurnOff", "TurnOff\TurnOff.csproj", "{FE672DC7-32FD-479B-A860-3396DD5E1064}"
EndProject
Project("{FAE04EC0-301F-11D3-BF4B-00C04F79EFBC}") = "Meow", "Meow\Meow.csproj", "{250F896F-98EE-4204-A87D-32C82D5E5559}"
EndProject
Project("{FAE04EC0-301F-11D3-BF4B-00C04F79EFBC}") = "Greeting", "Greeting\Greeting.csproj", "{0E1C4D61-1009-44A4-A614-6D501D1DE341}"
EndProject
Project("{FAE04EC0-301F-11D3-BF4B-00C04F79EFBC}") = "KickToDraw", "KickToDraw\KickToDraw.csproj", "{66EE1FA3-FF21-4872-9005-4B61CFE845E0}"
EndProject
Project("{FAE04EC0-301F-11D3-BF4B-00C04F79EFBC}") = "Learning", "Learning\Learning.csproj", "{4FD9925B-F0CE-4E4A-8236-817FAFDA4627}"
EndProject
Project("{FAE04EC0-301F-11D3-BF4B-00C04F79EFBC}") = "ThankYou", "ThankYou\ThankYou.csproj", "{185BF925-D888-4270-8DB8-935024FE6BE1}"
EndProject
Project("{FAE04EC0-301F-11D3-BF4B-00C04F79EFBC}") = "Info", "Info\Info.csproj", "{249270FB-22B8-4B04-8435-8E50AE01A164}"
EndProject
Project("{FAE04EC0-301F-11D3-BF4B-00C04F79EFBC}") = "Help", "Help\Help.csproj", "{7792977D-564F-4565-9555-70D03C3AA3F6}"
EndProject
Project("{FAE04EC0-301F-11D3-BF4B-00C04F79EFBC}") = "Examples", "Examples\Examples.csproj", "{15B408D7-3ACA-454F-87F5-CC1CA6FD67A5}"
EndProject
Project("{FAE04EC0-301F-11D3-BF4B-00C04F79EFBC}") = "References", "References\References.csproj", "{7DB7FFFE-4BFB-4010-BF29-8058229A2B02}"
EndProject
Global
	GlobalSection(SolutionConfigurationPlatforms) = preSolution
		Debug|Any CPU = Debug|Any CPU
		Release|Any CPU = Release|Any CPU
	EndGlobalSection
	GlobalSection(ProjectConfigurationPlatforms) = postSolution
		{B0B1F8CC-822E-43F1-802A-AC113CC51D67}.Debug|Any CPU.ActiveCfg = Debug|Any CPU
		{B0B1F8CC-822E-43F1-802A-AC113CC51D67}.Debug|Any CPU.Build.0 = Debug|Any CPU
		{B0B1F8CC-822E-43F1-802A-AC113CC51D67}.Release|Any CPU.ActiveCfg = Release|Any CPU
		{B0B1F8CC-822E-43F1-802A-AC113CC51D67}.Release|Any CPU.Build.0 = Release|Any CPU
		{C243E36A-DA44-4148-8299-E557BD2F07C7}.Debug|Any CPU.ActiveCfg = Debug|Any CPU
		{C243E36A-DA44-4148-8299-E557BD2F07C7}.Debug|Any CPU.Build.0 = Debug|Any CPU
		{C243E36A-DA44-4148-8299-E557BD2F07C7}.Release|Any CPU.ActiveCfg = Release|Any CPU
		{C243E36A-DA44-4148-8299-E557BD2F07C7}.Release|Any CPU.Build.0 = Release|Any CPU
		{9FB7FF58-A95D-44F1-8A46-C43BA4812BB3}.Debug|Any CPU.ActiveCfg = Debug|Any CPU
		{9FB7FF58-A95D-44F1-8A46-C43BA4812BB3}.Debug|Any CPU.Build.0 = Debug|Any CPU
		{9FB7FF58-A95D-44F1-8A46-C43BA4812BB3}.Release|Any CPU.ActiveCfg = Release|Any CPU
		{9FB7FF58-A95D-44F1-8A46-C43BA4812BB3}.Release|Any CPU.Build.0 = Release|Any CPU
		{CACF7417-A64F-443B-A127-DA34056D3D37}.Debug|Any CPU.ActiveCfg = Debug|Any CPU
		{CACF7417-A64F-443B-A127-DA34056D3D37}.Debug|Any CPU.Build.0 = Debug|Any CPU
		{CACF7417-A64F-443B-A127-DA34056D3D37}.Release|Any CPU.ActiveCfg = Release|Any CPU
		{CACF7417-A64F-443B-A127-DA34056D3D37}.Release|Any CPU.Build.0 = Release|Any CPU
		{FE672DC7-32FD-479B-A860-3396DD5E1064}.Debug|Any CPU.ActiveCfg = Debug|Any CPU
		{FE672DC7-32FD-479B-A860-3396DD5E1064}.Debug|Any CPU.Build.0 = Debug|Any CPU
		{FE672DC7-32FD-479B-A860-3396DD5E1064}.Release|Any CPU.ActiveCfg = Release|Any CPU
		{FE672DC7-32FD-479B-A860-3396DD5E1064}.Release|Any CPU.Build.0 = Release|Any CPU
		{250F896F-98EE-4204-A87D-32C82D5E5559}.Debug|Any CPU.ActiveCfg = Debug|Any CPU
		{250F896F-98EE-4204-A87D-32C82D5E5559}.Debug|Any CPU.Build.0 = Debug|Any CPU
		{250F896F-98EE-4204-A87D-32C82D5E5559}.Release|Any CPU.ActiveCfg = Release|Any CPU
		{250F896F-98EE-4204-A87D-32C82D5E5559}.Release|Any CPU.Build.0 = Release|Any CPU
		{0E1C4D61-1009-44A4-A614-6D501D1DE341}.Debug|Any CPU.ActiveCfg = Debug|Any CPU
		{0E1C4D61-1009-44A4-A614-6D501D1DE341}.Debug|Any CPU.Build.0 = Debug|Any CPU
		{0E1C4D61-1009-44A4-A614-6D501D1DE341}.Release|Any CPU.ActiveCfg = Release|Any CPU
		{0E1C4D61-1009-44A4-A614-6D501D1DE341}.Release|Any CPU.Build.0 = Release|Any CPU
		{66EE1FA3-FF21-4872-9005-4B61CFE845E0}.Debug|Any CPU.ActiveCfg = Debug|Any CPU
		{66EE1FA3-FF21-4872-9005-4B61CFE845E0}.Debug|Any CPU.Build.0 = Debug|Any CPU
		{66EE1FA3-FF21-4872-9005-4B61CFE845E0}.Release|Any CPU.ActiveCfg = Release|Any CPU
		{66EE1FA3-FF21-4872-9005-4B61CFE845E0}.Release|Any CPU.Build.0 = Release|Any CPU
		{4FD9925B-F0CE-4E4A-8236-817FAFDA4627}.Debug|Any CPU.ActiveCfg = Debug|Any CPU
		{4FD9925B-F0CE-4E4A-8236-817FAFDA4627}.Debug|Any CPU.Build.0 = Debug|Any CPU
		{4FD9925B-F0CE-4E4A-8236-817FAFDA4627}.Release|Any CPU.ActiveCfg = Release|Any CPU
		{4FD9925B-F0CE-4E4A-8236-817FAFDA4627}.Release|Any CPU.Build.0 = Release|Any CPU
		{185BF925-D888-4270-8DB8-935024FE6BE1}.Debug|Any CPU.ActiveCfg = Debug|Any CPU
		{185BF925-D888-4270-8DB8-935024FE6BE1}.Debug|Any CPU.Build.0 = Debug|Any CPU
		{185BF925-D888-4270-8DB8-935024FE6BE1}.Release|Any CPU.ActiveCfg = Release|Any CPU
		{185BF925-D888-4270-8DB8-935024FE6BE1}.Release|Any CPU.Build.0 = Release|Any CPU
		{249270FB-22B8-4B04-8435-8E50AE01A164}.Debug|Any CPU.ActiveCfg = Debug|Any CPU
		{249270FB-22B8-4B04-8435-8E50AE01A164}.Debug|Any CPU.Build.0 = Debug|Any CPU
		{249270FB-22B8-4B04-8435-8E50AE01A164}.Release|Any CPU.ActiveCfg = Release|Any CPU
		{249270FB-22B8-4B04-8435-8E50AE01A164}.Release|Any CPU.Build.0 = Release|Any CPU
		{7792977D-564F-4565-9555-70D03C3AA3F6}.Debug|Any CPU.ActiveCfg = Debug|Any CPU
		{7792977D-564F-4565-9555-70D03C3AA3F6}.Debug|Any CPU.Build.0 = Debug|Any CPU
		{7792977D-564F-4565-9555-70D03C3AA3F6}.Release|Any CPU.ActiveCfg = Release|Any CPU
		{7792977D-564F-4565-9555-70D03C3AA3F6}.Release|Any CPU.Build.0 = Release|Any CPU
		{15B408D7-3ACA-454F-87F5-CC1CA6FD67A5}.Debug|Any CPU.ActiveCfg = Debug|Any CPU
		{15B408D7-3ACA-454F-87F5-CC1CA6FD67A5}.Debug|Any CPU.Build.0 = Debug|Any CPU
		{15B408D7-3ACA-454F-87F5-CC1CA6FD67A5}.Release|Any CPU.ActiveCfg = Release|Any CPU
		{15B408D7-3ACA-454F-87F5-CC1CA6FD67A5}.Release|Any CPU.Build.0 = Release|Any CPU
		{7DB7FFFE-4BFB-4010-BF29-8058229A2B02}.Debug|Any CPU.ActiveCfg = Debug|Any CPU
		{7DB7FFFE-4BFB-4010-BF29-8058229A2B02}.Debug|Any CPU.Build.0 = Debug|Any CPU
		{7DB7FFFE-4BFB-4010-BF29-8058229A2B02}.Release|Any CPU.ActiveCfg = Release|Any CPU
		{7DB7FFFE-4BFB-4010-BF29-8058229A2B02}.Release|Any CPU.Build.0 = Release|Any CPU
	EndGlobalSection
	GlobalSection(SolutionProperties) = preSolution
		HideSolutionNode = FALSE
	EndGlobalSection
EndGlobal
